
Microsoft Visual Studio Solution File, Format Version 12.00
# Visual Studio Version 17
VisualStudioVersion = 17.10.35027.167
MinimumVisualStudioVersion = 10.0.40219.1
Project("{FAE04EC0-301F-11D3-BF4B-00C04F79EFBC}") = "InventarioBack", "InventarioBack\InventarioBack.csproj", "{048C587A-C036-410F-8092-7454EA6613C2}"
EndProject
Project("{FAE04EC0-301F-11D3-BF4B-00C04F79EFBC}") = "InventarioController", "InventarioController\InventarioController.csproj", "{00B62AF3-97F5-4DF5-9A54-1D6332B32FD0}"
EndProject
Project("{FAE04EC0-301F-11D3-BF4B-00C04F79EFBC}") = "InventarioFront", "InventarioFront\InventarioFront.csproj", "{674F7F19-927B-4554-AD4B-7745FDE90035}"
EndProject
Global
	GlobalSection(SolutionConfigurationPlatforms) = preSolution
		Debug|Any CPU = Debug|Any CPU
		Release|Any CPU = Release|Any CPU
	EndGlobalSection
	GlobalSection(ProjectConfigurationPlatforms) = postSolution
		{048C587A-C036-410F-8092-7454EA6613C2}.Debug|Any CPU.ActiveCfg = Debug|Any CPU
		{048C587A-C036-410F-8092-7454EA6613C2}.Debug|Any CPU.Build.0 = Debug|Any CPU
		{048C587A-C036-410F-8092-7454EA6613C2}.Release|Any CPU.ActiveCfg = Release|Any CPU
		{048C587A-C036-410F-8092-7454EA6613C2}.Release|Any CPU.Build.0 = Release|Any CPU
		{00B62AF3-97F5-4DF5-9A54-1D6332B32FD0}.Debug|Any CPU.ActiveCfg = Debug|Any CPU
		{00B62AF3-97F5-4DF5-9A54-1D6332B32FD0}.Debug|Any CPU.Build.0 = Debug|Any CPU
		{00B62AF3-97F5-4DF5-9A54-1D6332B32FD0}.Release|Any CPU.ActiveCfg = Release|Any CPU
		{00B62AF3-97F5-4DF5-9A54-1D6332B32FD0}.Release|Any CPU.Build.0 = Release|Any CPU
		{674F7F19-927B-4554-AD4B-7745FDE90035}.Debug|Any CPU.ActiveCfg = Debug|Any CPU
		{674F7F19-927B-4554-AD4B-7745FDE90035}.Debug|Any CPU.Build.0 = Debug|Any CPU
		{674F7F19-927B-4554-AD4B-7745FDE90035}.Release|Any CPU.ActiveCfg = Release|Any CPU
		{674F7F19-927B-4554-AD4B-7745FDE90035}.Release|Any CPU.Build.0 = Release|Any CPU
	EndGlobalSection
	GlobalSection(SolutionProperties) = preSolution
		HideSolutionNode = FALSE
	EndGlobalSection
	GlobalSection(ExtensibilityGlobals) = postSolution
		SolutionGuid = {8FEBF28E-B41B-43B2-87F7-DC2EDE7D754F}
	EndGlobalSection
EndGlobal
